{
  "name": "@spadin/webextension-storage",
  "version": "1.0.0",
  "lockfileVersion": 1,
  "requires": true,
  "dependencies": {
    "typescript": {
      "version": "3.3.3333",
      "resolved": "https://registry.npmjs.org/typescript/-/typescript-3.3.3333.tgz",
      "integrity": "sha512-JjSKsAfuHBE/fB2oZ8NxtRTk5iGcg6hkYXMnZ3Wc+b2RSqejEqTaem11mHASMnFilHrax3sLK0GDzcJrekZYLw==",
      "dev": true
    },
    "webextension-polyfill": {
      "version": "0.3.1",
      "resolved": "https://registry.npmjs.org/webextension-polyfill/-/webextension-polyfill-0.3.1.tgz",
      "integrity": "sha512-ISB42vlgMyM7xE1u6pREeCqmmXjLsYu/nqAR8Dl/gIAnylb+KpRpvKbVkUYNFePhhXn0Obkkc3jasOII9ztUtg==",
      "dev": true
    },
    "webextension-polyfill-ts": {
      "version": "0.8.9",
      "resolved": "https://registry.npmjs.org/webextension-polyfill-ts/-/webextension-polyfill-ts-0.8.9.tgz",
      "integrity": "sha512-RaNHDe+cCJb5DlJuiwekXp6GXG4tSZ3WAy0s5/B3BqwgXTHVG46x+Y4QKF8wIHdvW+lDEyzRrZyGP9TlCfmHIA==",
      "dev": true,
      "requires": {
        "webextension-polyfill": "^0.3.0"
      }
    }
  }
}
