{
  "name": "@spadin/webextension-storage",
  "version": "1.0.2",
  "lockfileVersion": 1,
  "requires": true,
  "dependencies": {
    "@spadin/tsconfig": {
      "version": "1.1.0",
      "resolved": "https://registry.npmjs.org/@spadin/tsconfig/-/tsconfig-1.1.0.tgz",
      "integrity": "sha512-eRPttwST0qdiSAyaFEQF44uLBXH5s+j5yzf0+xwjrUQxMPUwlFUQo8klbQ+3pQJiUHhagNa9fmtW8Q7SsZmwfg==",
      "dev": true
    },
    "typescript": {
      "version": "3.4.1",
      "resolved": "https://registry.npmjs.org/typescript/-/typescript-3.4.1.tgz",
      "integrity": "sha512-3NSMb2VzDQm8oBTLH6Nj55VVtUEpe/rgkIzMir0qVoLyjDZlnMBva0U6vDiV3IH+sl/Yu6oP5QwsAQtHPmDd2Q==",
      "dev": true
    },
    "webextension-polyfill": {
      "version": "0.4.0",
      "resolved": "https://registry.npmjs.org/webextension-polyfill/-/webextension-polyfill-0.4.0.tgz",
      "integrity": "sha512-oreMp+EoAo1pzRMigx4jB5jInIpx6NTCySPSjGyLLee/dCIPiRqowCEfbFP8o20wz9SOtNwSsfkaJ9D/tRgpag==",
      "dev": true
    },
    "webextension-polyfill-ts": {
      "version": "0.9.0",
      "resolved": "https://registry.npmjs.org/webextension-polyfill-ts/-/webextension-polyfill-ts-0.9.0.tgz",
      "integrity": "sha512-alOw21BL1Bl1/8VMG31f/komAL/xK5aqh7Ie5lG/1LNXeJa+vgXp8RPSrC6YlGFp5IO0Hz1ABrC3iEGKWdxEnQ==",
      "dev": true,
      "requires": {
        "webextension-polyfill": "^0.4.0"
      }
    }
  }
}
